
Microsoft Visual Studio Solution File, Format Version 12.00
# Visual Studio Version 17
VisualStudioVersion = 17.5.002.0
MinimumVisualStudioVersion = 10.0.40219.1
Project("{9A19103F-16F7-4668-BE54-9A1E7A4F7556}") = "parcial2", "parcial2.csproj", "{6D456C0D-0D20-4ADB-B9F9-34275DBF7048}"
EndProject
Global
	GlobalSection(SolutionConfigurationPlatforms) = preSolution
		Debug|Any CPU = Debug|Any CPU
		Release|Any CPU = Release|Any CPU
	EndGlobalSection
	GlobalSection(ProjectConfigurationPlatforms) = postSolution
		{6D456C0D-0D20-4ADB-B9F9-34275DBF7048}.Debug|Any CPU.ActiveCfg = Debug|Any CPU
		{6D456C0D-0D20-4ADB-B9F9-34275DBF7048}.Debug|Any CPU.Build.0 = Debug|Any CPU
		{6D456C0D-0D20-4ADB-B9F9-34275DBF7048}.Release|Any CPU.ActiveCfg = Release|Any CPU
		{6D456C0D-0D20-4ADB-B9F9-34275DBF7048}.Release|Any CPU.Build.0 = Release|Any CPU
	EndGlobalSection
	GlobalSection(SolutionProperties) = preSolution
		HideSolutionNode = FALSE
	EndGlobalSection
	GlobalSection(ExtensibilityGlobals) = postSolution
		SolutionGuid = {398231A3-3769-4E74-B4B6-D54043833CF9}
	EndGlobalSection
EndGlobal
